
Microsoft Visual Studio Solution File, Format Version 12.00
# Visual Studio Version 17
VisualStudioVersion = 17.0.31912.275
MinimumVisualStudioVersion = 10.0.40219.1
Project("{FAE04EC0-301F-11D3-BF4B-00C04F79EFBC}") = "PublisherSide", "RabbitMQSim\PublisherSide.csproj", "{98B29A24-BDC2-4DB7-88EF-B456CB546DBA}"
EndProject
Project("{FAE04EC0-301F-11D3-BF4B-00C04F79EFBC}") = "ConsumerSide", "Consumer\ConsumerSide.csproj", "{D2D1B5D7-8C61-4F0E-B364-822E20A18645}"
EndProject
Global
	GlobalSection(SolutionConfigurationPlatforms) = preSolution
		Debug|Any CPU = Debug|Any CPU
		Release|Any CPU = Release|Any CPU
	EndGlobalSection
	GlobalSection(ProjectConfigurationPlatforms) = postSolution
		{98B29A24-BDC2-4DB7-88EF-B456CB546DBA}.Debug|Any CPU.ActiveCfg = Debug|Any CPU
		{98B29A24-BDC2-4DB7-88EF-B456CB546DBA}.Debug|Any CPU.Build.0 = Debug|Any CPU
		{98B29A24-BDC2-4DB7-88EF-B456CB546DBA}.Release|Any CPU.ActiveCfg = Release|Any CPU
		{98B29A24-BDC2-4DB7-88EF-B456CB546DBA}.Release|Any CPU.Build.0 = Release|Any CPU
		{D2D1B5D7-8C61-4F0E-B364-822E20A18645}.Debug|Any CPU.ActiveCfg = Debug|Any CPU
		{D2D1B5D7-8C61-4F0E-B364-822E20A18645}.Debug|Any CPU.Build.0 = Debug|Any CPU
		{D2D1B5D7-8C61-4F0E-B364-822E20A18645}.Release|Any CPU.ActiveCfg = Release|Any CPU
		{D2D1B5D7-8C61-4F0E-B364-822E20A18645}.Release|Any CPU.Build.0 = Release|Any CPU
	EndGlobalSection
	GlobalSection(SolutionProperties) = preSolution
		HideSolutionNode = FALSE
	EndGlobalSection
	GlobalSection(ExtensibilityGlobals) = postSolution
		SolutionGuid = {94C949AC-E032-42C3-B619-DF3ABF422C94}
	EndGlobalSection
EndGlobal
